
Microsoft Visual Studio Solution File, Format Version 12.00
# Visual Studio Version 17
VisualStudioVersion = 17.3.32819.101
MinimumVisualStudioVersion = 10.0.40219.1
Project("{2150E333-8FDC-42A3-9474-1A3956D46DE8}") = "Client", "Client", "{6100CCF8-FB3B-4BB1-9FAA-C4D0EC9F67B6}"
EndProject
Project("{2150E333-8FDC-42A3-9474-1A3956D46DE8}") = "Server", "Server", "{09871DA3-8B13-4B4D-918D-6B48421792EF}"
EndProject
Project("{9A19103F-16F7-4668-BE54-9A1E7A4F7556}") = "AplicacaoPOO.Dominio", "server\AplicacaoPOO.Dominio\AplicacaoPOO.Dominio.csproj", "{610CCEDF-3401-4082-86FD-93329F65D9EA}"
EndProject
Project("{FAE04EC0-301F-11D3-BF4B-00C04F79EFBC}") = "AplicacaoPOO.Windows", "client\AplicacaoPOO.Windows\AplicacaoPOO.Windows.csproj", "{E13CB87C-E9E8-4A62-8308-B675F77A7081}"
EndProject
Global
	GlobalSection(SolutionConfigurationPlatforms) = preSolution
		Debug|Any CPU = Debug|Any CPU
		Release|Any CPU = Release|Any CPU
	EndGlobalSection
	GlobalSection(ProjectConfigurationPlatforms) = postSolution
		{610CCEDF-3401-4082-86FD-93329F65D9EA}.Debug|Any CPU.ActiveCfg = Debug|Any CPU
		{610CCEDF-3401-4082-86FD-93329F65D9EA}.Debug|Any CPU.Build.0 = Debug|Any CPU
		{610CCEDF-3401-4082-86FD-93329F65D9EA}.Release|Any CPU.ActiveCfg = Release|Any CPU
		{610CCEDF-3401-4082-86FD-93329F65D9EA}.Release|Any CPU.Build.0 = Release|Any CPU
		{E13CB87C-E9E8-4A62-8308-B675F77A7081}.Debug|Any CPU.ActiveCfg = Debug|Any CPU
		{E13CB87C-E9E8-4A62-8308-B675F77A7081}.Debug|Any CPU.Build.0 = Debug|Any CPU
		{E13CB87C-E9E8-4A62-8308-B675F77A7081}.Release|Any CPU.ActiveCfg = Release|Any CPU
		{E13CB87C-E9E8-4A62-8308-B675F77A7081}.Release|Any CPU.Build.0 = Release|Any CPU
	EndGlobalSection
	GlobalSection(SolutionProperties) = preSolution
		HideSolutionNode = FALSE
	EndGlobalSection
	GlobalSection(NestedProjects) = preSolution
		{610CCEDF-3401-4082-86FD-93329F65D9EA} = {09871DA3-8B13-4B4D-918D-6B48421792EF}
		{E13CB87C-E9E8-4A62-8308-B675F77A7081} = {6100CCF8-FB3B-4BB1-9FAA-C4D0EC9F67B6}
	EndGlobalSection
	GlobalSection(ExtensibilityGlobals) = postSolution
		SolutionGuid = {E87796B3-E725-4D59-837A-E43135118D0A}
	EndGlobalSection
EndGlobal
